
Microsoft Visual Studio Solution File, Format Version 12.00
# Visual Studio 15
VisualStudioVersion = 15.0.27130.2026
MinimumVisualStudioVersion = 10.0.40219.1
Project("{9A19103F-16F7-4668-BE54-9A1E7A4F7556}") = "Iconize.Sample", "Iconize.Sample\Iconize.Sample.csproj", "{37B28D65-4D60-4AA7-ABF3-6B644C6FAD0E}"
EndProject
Project("{FAE04EC0-301F-11D3-BF4B-00C04F79EFBC}") = "Iconize.Sample.Android", "Iconize.Sample.Android\Iconize.Sample.Android.csproj", "{8D2E6A67-66D8-4D33-B11E-5B048326AD22}"
EndProject
Project("{FAE04EC0-301F-11D3-BF4B-00C04F79EFBC}") = "Iconize.Sample.iOS", "Iconize.Sample.iOS\Iconize.Sample.iOS.csproj", "{D68BB77E-6229-4066-8EBD-A0E156760A59}"
EndProject
Project("{2150E333-8FDC-42A3-9474-1A3956D46DE8}") = "Library", "Library", "{F6ADCF88-7BB8-4C7F-B02A-4B4648191BF0}"
EndProject
Project("{FAE04EC0-301F-11D3-BF4B-00C04F79EFBC}") = "Plugin.Iconize", "..\src\Plugin.Iconize\Plugin.Iconize.csproj", "{51C3E293-12E9-47BA-BDB9-AE36FDB87C55}"
EndProject
Project("{FAE04EC0-301F-11D3-BF4B-00C04F79EFBC}") = "Plugin.Iconize.iOS", "..\src\Plugin.Iconize.iOS\Plugin.Iconize.iOS.csproj", "{2B623714-1DA9-4198-9802-2B0474406C61}"
EndProject
Project("{FAE04EC0-301F-11D3-BF4B-00C04F79EFBC}") = "Plugin.Iconize.Android", "..\src\Plugin.Iconize.Android\Plugin.Iconize.Android.csproj", "{06344550-D907-44D7-B586-4A0BFD968E07}"
EndProject
Project("{2150E333-8FDC-42A3-9474-1A3956D46DE8}") = "Fonts", "Fonts", "{E6124333-E244-4D6B-95F8-409CDD7E6CA8}"
EndProject
Project("{9344BDBB-3E7F-41FC-A0DD-8665D75EE146}") = "Plugin.Iconize.MacOS", "..\src\Plugin.Iconize.MacOS\Plugin.Iconize.MacOS.csproj", "{553DB73B-B76F-4B4B-9086-848BCD3A1BE1}"
EndProject
Project("{FAE04EC0-301F-11D3-BF4B-00C04F79EFBC}") = "Plugin.Iconize.SimpleLineIcons", "..\src\Fonts\Plugin.Iconize.SimpleLineIcons\Plugin.Iconize.SimpleLineIcons.csproj", "{176C33B5-9314-46D7-9A31-BBB958F5904D}"
EndProject
Project("{FAE04EC0-301F-11D3-BF4B-00C04F79EFBC}") = "Plugin.Iconize.SimpleLineIcons.iOS", "..\src\Fonts\Plugin.Iconize.SimpleLineIcons.iOS\Plugin.Iconize.SimpleLineIcons.iOS.csproj", "{8245662F-6988-42E2-AA57-3211824AA53A}"
EndProject
Project("{FAE04EC0-301F-11D3-BF4B-00C04F79EFBC}") = "Plugin.Iconize.SimpleLineIcons.Android", "..\src\Fonts\Plugin.Iconize.SimpleLineIcons.Android\Plugin.Iconize.SimpleLineIcons.Android.csproj", "{A16DDD3A-ABAC-4C4B-9EE0-B63259AAF090}"
EndProject
Project("{FAE04EC0-301F-11D3-BF4B-00C04F79EFBC}") = "Plugin.Iconize.SimpleLineIcons.MacOS", "..\src\Fonts\Plugin.Iconize.SimpleLineIcons.MacOS\Plugin.Iconize.SimpleLineIcons.MacOS.csproj", "{E9B69491-E5E0-47FA-A01D-9144D1863C21}"
EndProject
Global
	GlobalSection(SolutionConfigurationPlatforms) = preSolution
		Ad-Hoc|Any CPU = Ad-Hoc|Any CPU
		Ad-Hoc|ARM = Ad-Hoc|ARM
		Ad-Hoc|iPhone = Ad-Hoc|iPhone
		Ad-Hoc|iPhoneSimulator = Ad-Hoc|iPhoneSimulator
		Ad-Hoc|x64 = Ad-Hoc|x64
		Ad-Hoc|x86 = Ad-Hoc|x86
		AppStore|Any CPU = AppStore|Any CPU
		AppStore|ARM = AppStore|ARM
		AppStore|iPhone = AppStore|iPhone
		AppStore|iPhoneSimulator = AppStore|iPhoneSimulator
		AppStore|x64 = AppStore|x64
		AppStore|x86 = AppStore|x86
		Debug|Any CPU = Debug|Any CPU
		Debug|ARM = Debug|ARM
		Debug|iPhone = Debug|iPhone
		Debug|iPhoneSimulator = Debug|iPhoneSimulator
		Debug|x64 = Debug|x64
		Debug|x86 = Debug|x86
		Release|Any CPU = Release|Any CPU
		Release|ARM = Release|ARM
		Release|iPhone = Release|iPhone
		Release|iPhoneSimulator = Release|iPhoneSimulator
		Release|x64 = Release|x64
		Release|x86 = Release|x86
	EndGlobalSection
	GlobalSection(ProjectConfigurationPlatforms) = postSolution
		{37B28D65-4D60-4AA7-ABF3-6B644C6FAD0E}.Ad-Hoc|Any CPU.ActiveCfg = Debug|Any CPU
		{37B28D65-4D60-4AA7-ABF3-6B644C6FAD0E}.Ad-Hoc|Any CPU.Build.0 = Debug|Any CPU
		{37B28D65-4D60-4AA7-ABF3-6B644C6FAD0E}.Ad-Hoc|ARM.ActiveCfg = Release|Any CPU
		{37B28D65-4D60-4AA7-ABF3-6B644C6FAD0E}.Ad-Hoc|ARM.Build.0 = Release|Any CPU
		{37B28D65-4D60-4AA7-ABF3-6B644C6FAD0E}.Ad-Hoc|iPhone.ActiveCfg = Debug|Any CPU
		{37B28D65-4D60-4AA7-ABF3-6B644C6FAD0E}.Ad-Hoc|iPhone.Build.0 = Debug|Any CPU
		{37B28D65-4D60-4AA7-ABF3-6B644C6FAD0E}.Ad-Hoc|iPhoneSimulator.ActiveCfg = Debug|Any CPU
		{37B28D65-4D60-4AA7-ABF3-6B644C6FAD0E}.Ad-Hoc|iPhoneSimulator.Build.0 = Debug|Any CPU
		{37B28D65-4D60-4AA7-ABF3-6B644C6FAD0E}.Ad-Hoc|x64.ActiveCfg = Release|Any CPU
		{37B28D65-4D60-4AA7-ABF3-6B644C6FAD0E}.Ad-Hoc|x64.Build.0 = Release|Any CPU
		{37B28D65-4D60-4AA7-ABF3-6B644C6FAD0E}.Ad-Hoc|x86.ActiveCfg = Release|Any CPU
		{37B28D65-4D60-4AA7-ABF3-6B644C6FAD0E}.Ad-Hoc|x86.Build.0 = Release|Any CPU
		{37B28D65-4D60-4AA7-ABF3-6B644C6FAD0E}.AppStore|Any CPU.ActiveCfg = Debug|Any CPU
		{37B28D65-4D60-4AA7-ABF3-6B644C6FAD0E}.AppStore|Any CPU.Build.0 = Debug|Any CPU
		{37B28D65-4D60-4AA7-ABF3-6B644C6FAD0E}.AppStore|ARM.ActiveCfg = Release|Any CPU
		{37B28D65-4D60-4AA7-ABF3-6B644C6FAD0E}.AppStore|ARM.Build.0 = Release|Any CPU
		{37B28D65-4D60-4AA7-ABF3-6B644C6FAD0E}.AppStore|iPhone.ActiveCfg = Debug|Any CPU
		{37B28D65-4D60-4AA7-ABF3-6B644C6FAD0E}.AppStore|iPhone.Build.0 = Debug|Any CPU
		{37B28D65-4D60-4AA7-ABF3-6B644C6FAD0E}.AppStore|iPhoneSimulator.ActiveCfg = Debug|Any CPU
		{37B28D65-4D60-4AA7-ABF3-6B644C6FAD0E}.AppStore|iPhoneSimulator.Build.0 = Debug|Any CPU
		{37B28D65-4D60-4AA7-ABF3-6B644C6FAD0E}.AppStore|x64.ActiveCfg = Release|Any CPU
		{37B28D65-4D60-4AA7-ABF3-6B644C6FAD0E}.AppStore|x64.Build.0 = Release|Any CPU
		{37B28D65-4D60-4AA7-ABF3-6B644C6FAD0E}.AppStore|x86.ActiveCfg = Release|Any CPU
		{37B28D65-4D60-4AA7-ABF3-6B644C6FAD0E}.AppStore|x86.Build.0 = Release|Any CPU
		{37B28D65-4D60-4AA7-ABF3-6B644C6FAD0E}.Debug|Any CPU.ActiveCfg = Debug|Any CPU
		{37B28D65-4D60-4AA7-ABF3-6B644C6FAD0E}.Debug|Any CPU.Build.0 = Debug|Any CPU
		{37B28D65-4D60-4AA7-ABF3-6B644C6FAD0E}.Debug|ARM.ActiveCfg = Debug|Any CPU
		{37B28D65-4D60-4AA7-ABF3-6B644C6FAD0E}.Debug|ARM.Build.0 = Debug|Any CPU
		{37B28D65-4D60-4AA7-ABF3-6B644C6FAD0E}.Debug|iPhone.ActiveCfg = Debug|Any CPU
		{37B28D65-4D60-4AA7-ABF3-6B644C6FAD0E}.Debug|iPhone.Build.0 = Debug|Any CPU
		{37B28D65-4D60-4AA7-ABF3-6B644C6FAD0E}.Debug|iPhoneSimulator.ActiveCfg = Debug|Any CPU
		{37B28D65-4D60-4AA7-ABF3-6B644C6FAD0E}.Debug|iPhoneSimulator.Build.0 = Debug|Any CPU
		{37B28D65-4D60-4AA7-ABF3-6B644C6FAD0E}.Debug|x64.ActiveCfg = Debug|Any CPU
		{37B28D65-4D60-4AA7-ABF3-6B644C6FAD0E}.Debug|x64.Build.0 = Debug|Any CPU
		{37B28D65-4D60-4AA7-ABF3-6B644C6FAD0E}.Debug|x86.ActiveCfg = Debug|Any CPU
		{37B28D65-4D60-4AA7-ABF3-6B644C6FAD0E}.Debug|x86.Build.0 = Debug|Any CPU
		{37B28D65-4D60-4AA7-ABF3-6B644C6FAD0E}.Release|Any CPU.ActiveCfg = Release|Any CPU
		{37B28D65-4D60-4AA7-ABF3-6B644C6FAD0E}.Release|Any CPU.Build.0 = Release|Any CPU
		{37B28D65-4D60-4AA7-ABF3-6B644C6FAD0E}.Release|ARM.ActiveCfg = Release|Any CPU
		{37B28D65-4D60-4AA7-ABF3-6B644C6FAD0E}.Release|ARM.Build.0 = Release|Any CPU
		{37B28D65-4D60-4AA7-ABF3-6B644C6FAD0E}.Release|iPhone.ActiveCfg = Release|Any CPU
		{37B28D65-4D60-4AA7-ABF3-6B644C6FAD0E}.Release|iPhone.Build.0 = Release|Any CPU
		{37B28D65-4D60-4AA7-ABF3-6B644C6FAD0E}.Release|iPhoneSimulator.ActiveCfg = Release|Any CPU
		{37B28D65-4D60-4AA7-ABF3-6B644C6FAD0E}.Release|iPhoneSimulator.Build.0 = Release|Any CPU
		{37B28D65-4D60-4AA7-ABF3-6B644C6FAD0E}.Release|x64.ActiveCfg = Release|Any CPU
		{37B28D65-4D60-4AA7-ABF3-6B644C6FAD0E}.Release|x64.Build.0 = Release|Any CPU
		{37B28D65-4D60-4AA7-ABF3-6B644C6FAD0E}.Release|x86.ActiveCfg = Release|Any CPU
		{37B28D65-4D60-4AA7-ABF3-6B644C6FAD0E}.Release|x86.Build.0 = Release|Any CPU
		{8D2E6A67-66D8-4D33-B11E-5B048326AD22}.Ad-Hoc|Any CPU.ActiveCfg = Release|Any CPU
		{8D2E6A67-66D8-4D33-B11E-5B048326AD22}.Ad-Hoc|Any CPU.Build.0 = Release|Any CPU
		{8D2E6A67-66D8-4D33-B11E-5B048326AD22}.Ad-Hoc|Any CPU.Deploy.0 = Release|Any CPU
		{8D2E6A67-66D8-4D33-B11E-5B048326AD22}.Ad-Hoc|ARM.ActiveCfg = Debug|Any CPU
		{8D2E6A67-66D8-4D33-B11E-5B048326AD22}.Ad-Hoc|iPhone.ActiveCfg = Release|Any CPU
		{8D2E6A67-66D8-4D33-B11E-5B048326AD22}.Ad-Hoc|iPhone.Build.0 = Release|Any CPU
		{8D2E6A67-66D8-4D33-B11E-5B048326AD22}.Ad-Hoc|iPhone.Deploy.0 = Release|Any CPU
		{8D2E6A67-66D8-4D33-B11E-5B048326AD22}.Ad-Hoc|iPhoneSimulator.ActiveCfg = Release|Any CPU
		{8D2E6A67-66D8-4D33-B11E-5B048326AD22}.Ad-Hoc|iPhoneSimulator.Build.0 = Release|Any CPU
		{8D2E6A67-66D8-4D33-B11E-5B048326AD22}.Ad-Hoc|iPhoneSimulator.Deploy.0 = Release|Any CPU
		{8D2E6A67-66D8-4D33-B11E-5B048326AD22}.Ad-Hoc|x64.ActiveCfg = Debug|Any CPU
		{8D2E6A67-66D8-4D33-B11E-5B048326AD22}.Ad-Hoc|x86.ActiveCfg = Debug|Any CPU
		{8D2E6A67-66D8-4D33-B11E-5B048326AD22}.AppStore|Any CPU.ActiveCfg = Release|Any CPU
		{8D2E6A67-66D8-4D33-B11E-5B048326AD22}.AppStore|Any CPU.Build.0 = Release|Any CPU
		{8D2E6A67-66D8-4D33-B11E-5B048326AD22}.AppStore|Any CPU.Deploy.0 = Release|Any CPU
		{8D2E6A67-66D8-4D33-B11E-5B048326AD22}.AppStore|ARM.ActiveCfg = Debug|Any CPU
		{8D2E6A67-66D8-4D33-B11E-5B048326AD22}.AppStore|iPhone.ActiveCfg = Release|Any CPU
		{8D2E6A67-66D8-4D33-B11E-5B048326AD22}.AppStore|iPhone.Build.0 = Release|Any CPU
		{8D2E6A67-66D8-4D33-B11E-5B048326AD22}.AppStore|iPhone.Deploy.0 = Release|Any CPU
		{8D2E6A67-66D8-4D33-B11E-5B048326AD22}.AppStore|iPhoneSimulator.ActiveCfg = Release|Any CPU
		{8D2E6A67-66D8-4D33-B11E-5B048326AD22}.AppStore|iPhoneSimulator.Build.0 = Release|Any CPU
		{8D2E6A67-66D8-4D33-B11E-5B048326AD22}.AppStore|iPhoneSimulator.Deploy.0 = Release|Any CPU
		{8D2E6A67-66D8-4D33-B11E-5B048326AD22}.AppStore|x64.ActiveCfg = Debug|Any CPU
		{8D2E6A67-66D8-4D33-B11E-5B048326AD22}.AppStore|x86.ActiveCfg = Debug|Any CPU
		{8D2E6A67-66D8-4D33-B11E-5B048326AD22}.Debug|Any CPU.ActiveCfg = Debug|Any CPU
		{8D2E6A67-66D8-4D33-B11E-5B048326AD22}.Debug|Any CPU.Build.0 = Debug|Any CPU
		{8D2E6A67-66D8-4D33-B11E-5B048326AD22}.Debug|Any CPU.Deploy.0 = Debug|Any CPU
		{8D2E6A67-66D8-4D33-B11E-5B048326AD22}.Debug|ARM.ActiveCfg = Debug|Any CPU
		{8D2E6A67-66D8-4D33-B11E-5B048326AD22}.Debug|iPhone.ActiveCfg = Debug|Any CPU
		{8D2E6A67-66D8-4D33-B11E-5B048326AD22}.Debug|iPhone.Build.0 = Debug|Any CPU
		{8D2E6A67-66D8-4D33-B11E-5B048326AD22}.Debug|iPhone.Deploy.0 = Debug|Any CPU
		{8D2E6A67-66D8-4D33-B11E-5B048326AD22}.Debug|iPhoneSimulator.ActiveCfg = Debug|Any CPU
		{8D2E6A67-66D8-4D33-B11E-5B048326AD22}.Debug|iPhoneSimulator.Build.0 = Debug|Any CPU
		{8D2E6A67-66D8-4D33-B11E-5B048326AD22}.Debug|iPhoneSimulator.Deploy.0 = Debug|Any CPU
		{8D2E6A67-66D8-4D33-B11E-5B048326AD22}.Debug|x64.ActiveCfg = Debug|Any CPU
		{8D2E6A67-66D8-4D33-B11E-5B048326AD22}.Debug|x86.ActiveCfg = Debug|Any CPU
		{8D2E6A67-66D8-4D33-B11E-5B048326AD22}.Release|Any CPU.ActiveCfg = Release|Any CPU
		{8D2E6A67-66D8-4D33-B11E-5B048326AD22}.Release|Any CPU.Build.0 = Release|Any CPU
		{8D2E6A67-66D8-4D33-B11E-5B048326AD22}.Release|Any CPU.Deploy.0 = Release|Any CPU
		{8D2E6A67-66D8-4D33-B11E-5B048326AD22}.Release|ARM.ActiveCfg = Release|Any CPU
		{8D2E6A67-66D8-4D33-B11E-5B048326AD22}.Release|iPhone.ActiveCfg = Release|Any CPU
		{8D2E6A67-66D8-4D33-B11E-5B048326AD22}.Release|iPhone.Build.0 = Release|Any CPU
		{8D2E6A67-66D8-4D33-B11E-5B048326AD22}.Release|iPhone.Deploy.0 = Release|Any CPU
		{8D2E6A67-66D8-4D33-B11E-5B048326AD22}.Release|iPhoneSimulator.ActiveCfg = Release|Any CPU
		{8D2E6A67-66D8-4D33-B11E-5B048326AD22}.Release|iPhoneSimulator.Build.0 = Release|Any CPU
		{8D2E6A67-66D8-4D33-B11E-5B048326AD22}.Release|iPhoneSimulator.Deploy.0 = Release|Any CPU
		{8D2E6A67-66D8-4D33-B11E-5B048326AD22}.Release|x64.ActiveCfg = Release|Any CPU
		{8D2E6A67-66D8-4D33-B11E-5B048326AD22}.Release|x86.ActiveCfg = Release|Any CPU
		{D68BB77E-6229-4066-8EBD-A0E156760A59}.Ad-Hoc|Any CPU.ActiveCfg = Ad-Hoc|iPhone
		{D68BB77E-6229-4066-8EBD-A0E156760A59}.Ad-Hoc|ARM.ActiveCfg = Ad-Hoc|iPhoneSimulator
		{D68BB77E-6229-4066-8EBD-A0E156760A59}.Ad-Hoc|iPhone.ActiveCfg = Ad-Hoc|iPhone
		{D68BB77E-6229-4066-8EBD-A0E156760A59}.Ad-Hoc|iPhone.Build.0 = Ad-Hoc|iPhone
		{D68BB77E-6229-4066-8EBD-A0E156760A59}.Ad-Hoc|iPhoneSimulator.ActiveCfg = Ad-Hoc|iPhoneSimulator
		{D68BB77E-6229-4066-8EBD-A0E156760A59}.Ad-Hoc|iPhoneSimulator.Build.0 = Ad-Hoc|iPhoneSimulator
		{D68BB77E-6229-4066-8EBD-A0E156760A59}.Ad-Hoc|x64.ActiveCfg = Ad-Hoc|iPhoneSimulator
		{D68BB77E-6229-4066-8EBD-A0E156760A59}.Ad-Hoc|x86.ActiveCfg = Ad-Hoc|iPhoneSimulator
		{D68BB77E-6229-4066-8EBD-A0E156760A59}.AppStore|Any CPU.ActiveCfg = AppStore|iPhone
		{D68BB77E-6229-4066-8EBD-A0E156760A59}.AppStore|ARM.ActiveCfg = AppStore|iPhoneSimulator
		{D68BB77E-6229-4066-8EBD-A0E156760A59}.AppStore|iPhone.ActiveCfg = AppStore|iPhone
		{D68BB77E-6229-4066-8EBD-A0E156760A59}.AppStore|iPhone.Build.0 = AppStore|iPhone
		{D68BB77E-6229-4066-8EBD-A0E156760A59}.AppStore|iPhoneSimulator.ActiveCfg = AppStore|iPhoneSimulator
		{D68BB77E-6229-4066-8EBD-A0E156760A59}.AppStore|iPhoneSimulator.Build.0 = AppStore|iPhoneSimulator
		{D68BB77E-6229-4066-8EBD-A0E156760A59}.AppStore|x64.ActiveCfg = AppStore|iPhoneSimulator
		{D68BB77E-6229-4066-8EBD-A0E156760A59}.AppStore|x86.ActiveCfg = AppStore|iPhoneSimulator
		{D68BB77E-6229-4066-8EBD-A0E156760A59}.Debug|Any CPU.ActiveCfg = Debug|iPhone
		{D68BB77E-6229-4066-8EBD-A0E156760A59}.Debug|ARM.ActiveCfg = Debug|iPhoneSimulator
		{D68BB77E-6229-4066-8EBD-A0E156760A59}.Debug|iPhone.ActiveCfg = Debug|iPhone
		{D68BB77E-6229-4066-8EBD-A0E156760A59}.Debug|iPhone.Build.0 = Debug|iPhone
		{D68BB77E-6229-4066-8EBD-A0E156760A59}.Debug|iPhoneSimulator.ActiveCfg = Debug|iPhoneSimulator
		{D68BB77E-6229-4066-8EBD-A0E156760A59}.Debug|iPhoneSimulator.Build.0 = Debug|iPhoneSimulator
		{D68BB77E-6229-4066-8EBD-A0E156760A59}.Debug|x64.ActiveCfg = Debug|iPhoneSimulator
		{D68BB77E-6229-4066-8EBD-A0E156760A59}.Debug|x86.ActiveCfg = Debug|iPhoneSimulator
		{D68BB77E-6229-4066-8EBD-A0E156760A59}.Release|Any CPU.ActiveCfg = Release|iPhone
		{D68BB77E-6229-4066-8EBD-A0E156760A59}.Release|ARM.ActiveCfg = Release|iPhoneSimulator
		{D68BB77E-6229-4066-8EBD-A0E156760A59}.Release|iPhone.ActiveCfg = Release|iPhone
		{D68BB77E-6229-4066-8EBD-A0E156760A59}.Release|iPhone.Build.0 = Release|iPhone
		{D68BB77E-6229-4066-8EBD-A0E156760A59}.Release|iPhoneSimulator.ActiveCfg = Release|iPhoneSimulator
		{D68BB77E-6229-4066-8EBD-A0E156760A59}.Release|iPhoneSimulator.Build.0 = Release|iPhoneSimulator
		{D68BB77E-6229-4066-8EBD-A0E156760A59}.Release|x64.ActiveCfg = Release|iPhoneSimulator
		{D68BB77E-6229-4066-8EBD-A0E156760A59}.Release|x86.ActiveCfg = Release|iPhoneSimulator
		{51C3E293-12E9-47BA-BDB9-AE36FDB87C55}.Ad-Hoc|Any CPU.ActiveCfg = Release|Any CPU
		{51C3E293-12E9-47BA-BDB9-AE36FDB87C55}.Ad-Hoc|Any CPU.Build.0 = Release|Any CPU
		{51C3E293-12E9-47BA-BDB9-AE36FDB87C55}.Ad-Hoc|ARM.ActiveCfg = Release|Any CPU
		{51C3E293-12E9-47BA-BDB9-AE36FDB87C55}.Ad-Hoc|ARM.Build.0 = Release|Any CPU
		{51C3E293-12E9-47BA-BDB9-AE36FDB87C55}.Ad-Hoc|iPhone.ActiveCfg = Release|Any CPU
		{51C3E293-12E9-47BA-BDB9-AE36FDB87C55}.Ad-Hoc|iPhone.Build.0 = Release|Any CPU
		{51C3E293-12E9-47BA-BDB9-AE36FDB87C55}.Ad-Hoc|iPhoneSimulator.ActiveCfg = Release|Any CPU
		{51C3E293-12E9-47BA-BDB9-AE36FDB87C55}.Ad-Hoc|iPhoneSimulator.Build.0 = Release|Any CPU
		{51C3E293-12E9-47BA-BDB9-AE36FDB87C55}.Ad-Hoc|x64.ActiveCfg = Release|Any CPU
		{51C3E293-12E9-47BA-BDB9-AE36FDB87C55}.Ad-Hoc|x64.Build.0 = Release|Any CPU
		{51C3E293-12E9-47BA-BDB9-AE36FDB87C55}.Ad-Hoc|x86.ActiveCfg = Release|Any CPU
		{51C3E293-12E9-47BA-BDB9-AE36FDB87C55}.Ad-Hoc|x86.Build.0 = Release|Any CPU
		{51C3E293-12E9-47BA-BDB9-AE36FDB87C55}.AppStore|Any CPU.ActiveCfg = Release|Any CPU
		{51C3E293-12E9-47BA-BDB9-AE36FDB87C55}.AppStore|Any CPU.Build.0 = Release|Any CPU
		{51C3E293-12E9-47BA-BDB9-AE36FDB87C55}.AppStore|ARM.ActiveCfg = Release|Any CPU
		{51C3E293-12E9-47BA-BDB9-AE36FDB87C55}.AppStore|ARM.Build.0 = Release|Any CPU
		{51C3E293-12E9-47BA-BDB9-AE36FDB87C55}.AppStore|iPhone.ActiveCfg = Release|Any CPU
		{51C3E293-12E9-47BA-BDB9-AE36FDB87C55}.AppStore|iPhone.Build.0 = Release|Any CPU
		{51C3E293-12E9-47BA-BDB9-AE36FDB87C55}.AppStore|iPhoneSimulator.ActiveCfg = Release|Any CPU
		{51C3E293-12E9-47BA-BDB9-AE36FDB87C55}.AppStore|iPhoneSimulator.Build.0 = Release|Any CPU
		{51C3E293-12E9-47BA-BDB9-AE36FDB87C55}.AppStore|x64.ActiveCfg = Release|Any CPU
		{51C3E293-12E9-47BA-BDB9-AE36FDB87C55}.AppStore|x64.Build.0 = Release|Any CPU
		{51C3E293-12E9-47BA-BDB9-AE36FDB87C55}.AppStore|x86.ActiveCfg = Release|Any CPU
		{51C3E293-12E9-47BA-BDB9-AE36FDB87C55}.AppStore|x86.Build.0 = Release|Any CPU
		{51C3E293-12E9-47BA-BDB9-AE36FDB87C55}.Debug|Any CPU.ActiveCfg = Debug|Any CPU
		{51C3E293-12E9-47BA-BDB9-AE36FDB87C55}.Debug|Any CPU.Build.0 = Debug|Any CPU
		{51C3E293-12E9-47BA-BDB9-AE36FDB87C55}.Debug|ARM.ActiveCfg = Debug|Any CPU
		{51C3E293-12E9-47BA-BDB9-AE36FDB87C55}.Debug|ARM.Build.0 = Debug|Any CPU
		{51C3E293-12E9-47BA-BDB9-AE36FDB87C55}.Debug|iPhone.ActiveCfg = Debug|Any CPU
		{51C3E293-12E9-47BA-BDB9-AE36FDB87C55}.Debug|iPhone.Build.0 = Debug|Any CPU
		{51C3E293-12E9-47BA-BDB9-AE36FDB87C55}.Debug|iPhoneSimulator.ActiveCfg = Debug|Any CPU
		{51C3E293-12E9-47BA-BDB9-AE36FDB87C55}.Debug|iPhoneSimulator.Build.0 = Debug|Any CPU
		{51C3E293-12E9-47BA-BDB9-AE36FDB87C55}.Debug|x64.ActiveCfg = Debug|Any CPU
		{51C3E293-12E9-47BA-BDB9-AE36FDB87C55}.Debug|x64.Build.0 = Debug|Any CPU
		{51C3E293-12E9-47BA-BDB9-AE36FDB87C55}.Debug|x86.ActiveCfg = Debug|Any CPU
		{51C3E293-12E9-47BA-BDB9-AE36FDB87C55}.Debug|x86.Build.0 = Debug|Any CPU
		{51C3E293-12E9-47BA-BDB9-AE36FDB87C55}.Release|Any CPU.ActiveCfg = Release|Any CPU
		{51C3E293-12E9-47BA-BDB9-AE36FDB87C55}.Release|Any CPU.Build.0 = Release|Any CPU
		{51C3E293-12E9-47BA-BDB9-AE36FDB87C55}.Release|ARM.ActiveCfg = Release|Any CPU
		{51C3E293-12E9-47BA-BDB9-AE36FDB87C55}.Release|ARM.Build.0 = Release|Any CPU
		{51C3E293-12E9-47BA-BDB9-AE36FDB87C55}.Release|iPhone.ActiveCfg = Release|Any CPU
		{51C3E293-12E9-47BA-BDB9-AE36FDB87C55}.Release|iPhone.Build.0 = Release|Any CPU
		{51C3E293-12E9-47BA-BDB9-AE36FDB87C55}.Release|iPhoneSimulator.ActiveCfg = Release|Any CPU
		{51C3E293-12E9-47BA-BDB9-AE36FDB87C55}.Release|iPhoneSimulator.Build.0 = Release|Any CPU
		{51C3E293-12E9-47BA-BDB9-AE36FDB87C55}.Release|x64.ActiveCfg = Release|Any CPU
		{51C3E293-12E9-47BA-BDB9-AE36FDB87C55}.Release|x64.Build.0 = Release|Any CPU
		{51C3E293-12E9-47BA-BDB9-AE36FDB87C55}.Release|x86.ActiveCfg = Release|Any CPU
		{51C3E293-12E9-47BA-BDB9-AE36FDB87C55}.Release|x86.Build.0 = Release|Any CPU
		{2B623714-1DA9-4198-9802-2B0474406C61}.Ad-Hoc|Any CPU.ActiveCfg = Release|Any CPU
		{2B623714-1DA9-4198-9802-2B0474406C61}.Ad-Hoc|Any CPU.Build.0 = Release|Any CPU
		{2B623714-1DA9-4198-9802-2B0474406C61}.Ad-Hoc|ARM.ActiveCfg = Release|Any CPU
		{2B623714-1DA9-4198-9802-2B0474406C61}.Ad-Hoc|ARM.Build.0 = Release|Any CPU
		{2B623714-1DA9-4198-9802-2B0474406C61}.Ad-Hoc|iPhone.ActiveCfg = Release|Any CPU
		{2B623714-1DA9-4198-9802-2B0474406C61}.Ad-Hoc|iPhone.Build.0 = Release|Any CPU
		{2B623714-1DA9-4198-9802-2B0474406C61}.Ad-Hoc|iPhoneSimulator.ActiveCfg = Release|Any CPU
		{2B623714-1DA9-4198-9802-2B0474406C61}.Ad-Hoc|iPhoneSimulator.Build.0 = Release|Any CPU
		{2B623714-1DA9-4198-9802-2B0474406C61}.Ad-Hoc|x64.ActiveCfg = Release|Any CPU
		{2B623714-1DA9-4198-9802-2B0474406C61}.Ad-Hoc|x64.Build.0 = Release|Any CPU
		{2B623714-1DA9-4198-9802-2B0474406C61}.Ad-Hoc|x86.ActiveCfg = Release|Any CPU
		{2B623714-1DA9-4198-9802-2B0474406C61}.Ad-Hoc|x86.Build.0 = Release|Any CPU
		{2B623714-1DA9-4198-9802-2B0474406C61}.AppStore|Any CPU.ActiveCfg = Release|Any CPU
		{2B623714-1DA9-4198-9802-2B0474406C61}.AppStore|Any CPU.Build.0 = Release|Any CPU
		{2B623714-1DA9-4198-9802-2B0474406C61}.AppStore|ARM.ActiveCfg = Release|Any CPU
		{2B623714-1DA9-4198-9802-2B0474406C61}.AppStore|ARM.Build.0 = Release|Any CPU
		{2B623714-1DA9-4198-9802-2B0474406C61}.AppStore|iPhone.ActiveCfg = Release|Any CPU
		{2B623714-1DA9-4198-9802-2B0474406C61}.AppStore|iPhone.Build.0 = Release|Any CPU
		{2B623714-1DA9-4198-9802-2B0474406C61}.AppStore|iPhoneSimulator.ActiveCfg = Release|Any CPU
		{2B623714-1DA9-4198-9802-2B0474406C61}.AppStore|iPhoneSimulator.Build.0 = Release|Any CPU
		{2B623714-1DA9-4198-9802-2B0474406C61}.AppStore|x64.ActiveCfg = Release|Any CPU
		{2B623714-1DA9-4198-9802-2B0474406C61}.AppStore|x64.Build.0 = Release|Any CPU
		{2B623714-1DA9-4198-9802-2B0474406C61}.AppStore|x86.ActiveCfg = Release|Any CPU
		{2B623714-1DA9-4198-9802-2B0474406C61}.AppStore|x86.Build.0 = Release|Any CPU
		{2B623714-1DA9-4198-9802-2B0474406C61}.Debug|Any CPU.ActiveCfg = Debug|Any CPU
		{2B623714-1DA9-4198-9802-2B0474406C61}.Debug|Any CPU.Build.0 = Debug|Any CPU
		{2B623714-1DA9-4198-9802-2B0474406C61}.Debug|ARM.ActiveCfg = Debug|Any CPU
		{2B623714-1DA9-4198-9802-2B0474406C61}.Debug|ARM.Build.0 = Debug|Any CPU
		{2B623714-1DA9-4198-9802-2B0474406C61}.Debug|iPhone.ActiveCfg = Debug|Any CPU
		{2B623714-1DA9-4198-9802-2B0474406C61}.Debug|iPhone.Build.0 = Debug|Any CPU
		{2B623714-1DA9-4198-9802-2B0474406C61}.Debug|iPhoneSimulator.ActiveCfg = Debug|Any CPU
		{2B623714-1DA9-4198-9802-2B0474406C61}.Debug|iPhoneSimulator.Build.0 = Debug|Any CPU
		{2B623714-1DA9-4198-9802-2B0474406C61}.Debug|x64.ActiveCfg = Debug|Any CPU
		{2B623714-1DA9-4198-9802-2B0474406C61}.Debug|x64.Build.0 = Debug|Any CPU
		{2B623714-1DA9-4198-9802-2B0474406C61}.Debug|x86.ActiveCfg = Debug|Any CPU
		{2B623714-1DA9-4198-9802-2B0474406C61}.Debug|x86.Build.0 = Debug|Any CPU
		{2B623714-1DA9-4198-9802-2B0474406C61}.Release|Any CPU.ActiveCfg = Release|Any CPU
		{2B623714-1DA9-4198-9802-2B0474406C61}.Release|Any CPU.Build.0 = Release|Any CPU
		{2B623714-1DA9-4198-9802-2B0474406C61}.Release|ARM.ActiveCfg = Release|Any CPU
		{2B623714-1DA9-4198-9802-2B0474406C61}.Release|ARM.Build.0 = Release|Any CPU
		{2B623714-1DA9-4198-9802-2B0474406C61}.Release|iPhone.ActiveCfg = Release|Any CPU
		{2B623714-1DA9-4198-9802-2B0474406C61}.Release|iPhone.Build.0 = Release|Any CPU
		{2B623714-1DA9-4198-9802-2B0474406C61}.Release|iPhoneSimulator.ActiveCfg = Release|Any CPU
		{2B623714-1DA9-4198-9802-2B0474406C61}.Release|iPhoneSimulator.Build.0 = Release|Any CPU
		{2B623714-1DA9-4198-9802-2B0474406C61}.Release|x64.ActiveCfg = Release|Any CPU
		{2B623714-1DA9-4198-9802-2B0474406C61}.Release|x64.Build.0 = Release|Any CPU
		{2B623714-1DA9-4198-9802-2B0474406C61}.Release|x86.ActiveCfg = Release|Any CPU
		{2B623714-1DA9-4198-9802-2B0474406C61}.Release|x86.Build.0 = Release|Any CPU
		{06344550-D907-44D7-B586-4A0BFD968E07}.Ad-Hoc|Any CPU.ActiveCfg = Release|Any CPU
		{06344550-D907-44D7-B586-4A0BFD968E07}.Ad-Hoc|Any CPU.Build.0 = Release|Any CPU
		{06344550-D907-44D7-B586-4A0BFD968E07}.Ad-Hoc|ARM.ActiveCfg = Release|Any CPU
		{06344550-D907-44D7-B586-4A0BFD968E07}.Ad-Hoc|ARM.Build.0 = Release|Any CPU
		{06344550-D907-44D7-B586-4A0BFD968E07}.Ad-Hoc|iPhone.ActiveCfg = Release|Any CPU
		{06344550-D907-44D7-B586-4A0BFD968E07}.Ad-Hoc|iPhone.Build.0 = Release|Any CPU
		{06344550-D907-44D7-B586-4A0BFD968E07}.Ad-Hoc|iPhoneSimulator.ActiveCfg = Release|Any CPU
		{06344550-D907-44D7-B586-4A0BFD968E07}.Ad-Hoc|iPhoneSimulator.Build.0 = Release|Any CPU
		{06344550-D907-44D7-B586-4A0BFD968E07}.Ad-Hoc|x64.ActiveCfg = Release|Any CPU
		{06344550-D907-44D7-B586-4A0BFD968E07}.Ad-Hoc|x64.Build.0 = Release|Any CPU
		{06344550-D907-44D7-B586-4A0BFD968E07}.Ad-Hoc|x86.ActiveCfg = Release|Any CPU
		{06344550-D907-44D7-B586-4A0BFD968E07}.Ad-Hoc|x86.Build.0 = Release|Any CPU
		{06344550-D907-44D7-B586-4A0BFD968E07}.AppStore|Any CPU.ActiveCfg = Release|Any CPU
		{06344550-D907-44D7-B586-4A0BFD968E07}.AppStore|Any CPU.Build.0 = Release|Any CPU
		{06344550-D907-44D7-B586-4A0BFD968E07}.AppStore|ARM.ActiveCfg = Release|Any CPU
		{06344550-D907-44D7-B586-4A0BFD968E07}.AppStore|ARM.Build.0 = Release|Any CPU
		{06344550-D907-44D7-B586-4A0BFD968E07}.AppStore|iPhone.ActiveCfg = Release|Any CPU
		{06344550-D907-44D7-B586-4A0BFD968E07}.AppStore|iPhone.Build.0 = Release|Any CPU
		{06344550-D907-44D7-B586-4A0BFD968E07}.AppStore|iPhoneSimulator.ActiveCfg = Release|Any CPU
		{06344550-D907-44D7-B586-4A0BFD968E07}.AppStore|iPhoneSimulator.Build.0 = Release|Any CPU
		{06344550-D907-44D7-B586-4A0BFD968E07}.AppStore|x64.ActiveCfg = Release|Any CPU
		{06344550-D907-44D7-B586-4A0BFD968E07}.AppStore|x64.Build.0 = Release|Any CPU
		{06344550-D907-44D7-B586-4A0BFD968E07}.AppStore|x86.ActiveCfg = Release|Any CPU
		{06344550-D907-44D7-B586-4A0BFD968E07}.AppStore|x86.Build.0 = Release|Any CPU
		{06344550-D907-44D7-B586-4A0BFD968E07}.Debug|Any CPU.ActiveCfg = Debug|Any CPU
		{06344550-D907-44D7-B586-4A0BFD968E07}.Debug|Any CPU.Build.0 = Debug|Any CPU
		{06344550-D907-44D7-B586-4A0BFD968E07}.Debug|ARM.ActiveCfg = Debug|Any CPU
		{06344550-D907-44D7-B586-4A0BFD968E07}.Debug|ARM.Build.0 = Debug|Any CPU
		{06344550-D907-44D7-B586-4A0BFD968E07}.Debug|iPhone.ActiveCfg = Debug|Any CPU
		{06344550-D907-44D7-B586-4A0BFD968E07}.Debug|iPhone.Build.0 = Debug|Any CPU
		{06344550-D907-44D7-B586-4A0BFD968E07}.Debug|iPhoneSimulator.ActiveCfg = Debug|Any CPU
		{06344550-D907-44D7-B586-4A0BFD968E07}.Debug|iPhoneSimulator.Build.0 = Debug|Any CPU
		{06344550-D907-44D7-B586-4A0BFD968E07}.Debug|x64.ActiveCfg = Debug|Any CPU
		{06344550-D907-44D7-B586-4A0BFD968E07}.Debug|x64.Build.0 = Debug|Any CPU
		{06344550-D907-44D7-B586-4A0BFD968E07}.Debug|x86.ActiveCfg = Debug|Any CPU
		{06344550-D907-44D7-B586-4A0BFD968E07}.Debug|x86.Build.0 = Debug|Any CPU
		{06344550-D907-44D7-B586-4A0BFD968E07}.Release|Any CPU.ActiveCfg = Release|Any CPU
		{06344550-D907-44D7-B586-4A0BFD968E07}.Release|Any CPU.Build.0 = Release|Any CPU
		{06344550-D907-44D7-B586-4A0BFD968E07}.Release|ARM.ActiveCfg = Release|Any CPU
		{06344550-D907-44D7-B586-4A0BFD968E07}.Release|ARM.Build.0 = Release|Any CPU
		{06344550-D907-44D7-B586-4A0BFD968E07}.Release|iPhone.ActiveCfg = Release|Any CPU
		{06344550-D907-44D7-B586-4A0BFD968E07}.Release|iPhone.Build.0 = Release|Any CPU
		{06344550-D907-44D7-B586-4A0BFD968E07}.Release|iPhoneSimulator.ActiveCfg = Release|Any CPU
		{06344550-D907-44D7-B586-4A0BFD968E07}.Release|iPhoneSimulator.Build.0 = Release|Any CPU
		{06344550-D907-44D7-B586-4A0BFD968E07}.Release|x64.ActiveCfg = Release|Any CPU
		{06344550-D907-44D7-B586-4A0BFD968E07}.Release|x64.Build.0 = Release|Any CPU
		{06344550-D907-44D7-B586-4A0BFD968E07}.Release|x86.ActiveCfg = Release|Any CPU
		{06344550-D907-44D7-B586-4A0BFD968E07}.Release|x86.Build.0 = Release|Any CPU
		{553DB73B-B76F-4B4B-9086-848BCD3A1BE1}.Ad-Hoc|Any CPU.ActiveCfg = Release|Any CPU
		{553DB73B-B76F-4B4B-9086-848BCD3A1BE1}.Ad-Hoc|Any CPU.Build.0 = Release|Any CPU
		{553DB73B-B76F-4B4B-9086-848BCD3A1BE1}.Ad-Hoc|ARM.ActiveCfg = Release|Any CPU
		{553DB73B-B76F-4B4B-9086-848BCD3A1BE1}.Ad-Hoc|ARM.Build.0 = Release|Any CPU
		{553DB73B-B76F-4B4B-9086-848BCD3A1BE1}.Ad-Hoc|iPhone.ActiveCfg = Release|Any CPU
		{553DB73B-B76F-4B4B-9086-848BCD3A1BE1}.Ad-Hoc|iPhone.Build.0 = Release|Any CPU
		{553DB73B-B76F-4B4B-9086-848BCD3A1BE1}.Ad-Hoc|iPhoneSimulator.ActiveCfg = Release|Any CPU
		{553DB73B-B76F-4B4B-9086-848BCD3A1BE1}.Ad-Hoc|iPhoneSimulator.Build.0 = Release|Any CPU
		{553DB73B-B76F-4B4B-9086-848BCD3A1BE1}.Ad-Hoc|x64.ActiveCfg = Release|Any CPU
		{553DB73B-B76F-4B4B-9086-848BCD3A1BE1}.Ad-Hoc|x64.Build.0 = Release|Any CPU
		{553DB73B-B76F-4B4B-9086-848BCD3A1BE1}.Ad-Hoc|x86.ActiveCfg = Release|Any CPU
		{553DB73B-B76F-4B4B-9086-848BCD3A1BE1}.Ad-Hoc|x86.Build.0 = Release|Any CPU
		{553DB73B-B76F-4B4B-9086-848BCD3A1BE1}.AppStore|Any CPU.ActiveCfg = Release|Any CPU
		{553DB73B-B76F-4B4B-9086-848BCD3A1BE1}.AppStore|Any CPU.Build.0 = Release|Any CPU
		{553DB73B-B76F-4B4B-9086-848BCD3A1BE1}.AppStore|ARM.ActiveCfg = Release|Any CPU
		{553DB73B-B76F-4B4B-9086-848BCD3A1BE1}.AppStore|ARM.Build.0 = Release|Any CPU
		{553DB73B-B76F-4B4B-9086-848BCD3A1BE1}.AppStore|iPhone.ActiveCfg = Release|Any CPU
		{553DB73B-B76F-4B4B-9086-848BCD3A1BE1}.AppStore|iPhone.Build.0 = Release|Any CPU
		{553DB73B-B76F-4B4B-9086-848BCD3A1BE1}.AppStore|iPhoneSimulator.ActiveCfg = Release|Any CPU
		{553DB73B-B76F-4B4B-9086-848BCD3A1BE1}.AppStore|iPhoneSimulator.Build.0 = Release|Any CPU
		{553DB73B-B76F-4B4B-9086-848BCD3A1BE1}.AppStore|x64.ActiveCfg = Release|Any CPU
		{553DB73B-B76F-4B4B-9086-848BCD3A1BE1}.AppStore|x64.Build.0 = Release|Any CPU
		{553DB73B-B76F-4B4B-9086-848BCD3A1BE1}.AppStore|x86.ActiveCfg = Release|Any CPU
		{553DB73B-B76F-4B4B-9086-848BCD3A1BE1}.AppStore|x86.Build.0 = Release|Any CPU
		{553DB73B-B76F-4B4B-9086-848BCD3A1BE1}.Debug|Any CPU.ActiveCfg = Debug|Any CPU
		{553DB73B-B76F-4B4B-9086-848BCD3A1BE1}.Debug|Any CPU.Build.0 = Debug|Any CPU
		{553DB73B-B76F-4B4B-9086-848BCD3A1BE1}.Debug|ARM.ActiveCfg = Debug|Any CPU
		{553DB73B-B76F-4B4B-9086-848BCD3A1BE1}.Debug|ARM.Build.0 = Debug|Any CPU
		{553DB73B-B76F-4B4B-9086-848BCD3A1BE1}.Debug|iPhone.ActiveCfg = Debug|Any CPU
		{553DB73B-B76F-4B4B-9086-848BCD3A1BE1}.Debug|iPhone.Build.0 = Debug|Any CPU
		{553DB73B-B76F-4B4B-9086-848BCD3A1BE1}.Debug|iPhoneSimulator.ActiveCfg = Debug|Any CPU
		{553DB73B-B76F-4B4B-9086-848BCD3A1BE1}.Debug|iPhoneSimulator.Build.0 = Debug|Any CPU
		{553DB73B-B76F-4B4B-9086-848BCD3A1BE1}.Debug|x64.ActiveCfg = Debug|Any CPU
		{553DB73B-B76F-4B4B-9086-848BCD3A1BE1}.Debug|x64.Build.0 = Debug|Any CPU
		{553DB73B-B76F-4B4B-9086-848BCD3A1BE1}.Debug|x86.ActiveCfg = Debug|Any CPU
		{553DB73B-B76F-4B4B-9086-848BCD3A1BE1}.Debug|x86.Build.0 = Debug|Any CPU
		{553DB73B-B76F-4B4B-9086-848BCD3A1BE1}.Release|Any CPU.ActiveCfg = Release|Any CPU
		{553DB73B-B76F-4B4B-9086-848BCD3A1BE1}.Release|Any CPU.Build.0 = Release|Any CPU
		{553DB73B-B76F-4B4B-9086-848BCD3A1BE1}.Release|ARM.ActiveCfg = Release|Any CPU
		{553DB73B-B76F-4B4B-9086-848BCD3A1BE1}.Release|ARM.Build.0 = Release|Any CPU
		{553DB73B-B76F-4B4B-9086-848BCD3A1BE1}.Release|iPhone.ActiveCfg = Release|Any CPU
		{553DB73B-B76F-4B4B-9086-848BCD3A1BE1}.Release|iPhone.Build.0 = Release|Any CPU
		{553DB73B-B76F-4B4B-9086-848BCD3A1BE1}.Release|iPhoneSimulator.ActiveCfg = Release|Any CPU
		{553DB73B-B76F-4B4B-9086-848BCD3A1BE1}.Release|iPhoneSimulator.Build.0 = Release|Any CPU
		{553DB73B-B76F-4B4B-9086-848BCD3A1BE1}.Release|x64.ActiveCfg = Release|Any CPU
		{553DB73B-B76F-4B4B-9086-848BCD3A1BE1}.Release|x64.Build.0 = Release|Any CPU
		{553DB73B-B76F-4B4B-9086-848BCD3A1BE1}.Release|x86.ActiveCfg = Release|Any CPU
		{553DB73B-B76F-4B4B-9086-848BCD3A1BE1}.Release|x86.Build.0 = Release|Any CPU
		{176C33B5-9314-46D7-9A31-BBB958F5904D}.Ad-Hoc|Any CPU.ActiveCfg = Release|Any CPU
		{176C33B5-9314-46D7-9A31-BBB958F5904D}.Ad-Hoc|Any CPU.Build.0 = Release|Any CPU
		{176C33B5-9314-46D7-9A31-BBB958F5904D}.Ad-Hoc|ARM.ActiveCfg = Debug|Any CPU
		{176C33B5-9314-46D7-9A31-BBB958F5904D}.Ad-Hoc|ARM.Build.0 = Debug|Any CPU
		{176C33B5-9314-46D7-9A31-BBB958F5904D}.Ad-Hoc|iPhone.ActiveCfg = Release|Any CPU
		{176C33B5-9314-46D7-9A31-BBB958F5904D}.Ad-Hoc|iPhone.Build.0 = Release|Any CPU
		{176C33B5-9314-46D7-9A31-BBB958F5904D}.Ad-Hoc|iPhoneSimulator.ActiveCfg = Release|Any CPU
		{176C33B5-9314-46D7-9A31-BBB958F5904D}.Ad-Hoc|iPhoneSimulator.Build.0 = Release|Any CPU
		{176C33B5-9314-46D7-9A31-BBB958F5904D}.Ad-Hoc|x64.ActiveCfg = Debug|Any CPU
		{176C33B5-9314-46D7-9A31-BBB958F5904D}.Ad-Hoc|x64.Build.0 = Debug|Any CPU
		{176C33B5-9314-46D7-9A31-BBB958F5904D}.Ad-Hoc|x86.ActiveCfg = Debug|Any CPU
		{176C33B5-9314-46D7-9A31-BBB958F5904D}.Ad-Hoc|x86.Build.0 = Debug|Any CPU
		{176C33B5-9314-46D7-9A31-BBB958F5904D}.AppStore|Any CPU.ActiveCfg = Release|Any CPU
		{176C33B5-9314-46D7-9A31-BBB958F5904D}.AppStore|Any CPU.Build.0 = Release|Any CPU
		{176C33B5-9314-46D7-9A31-BBB958F5904D}.AppStore|ARM.ActiveCfg = Debug|Any CPU
		{176C33B5-9314-46D7-9A31-BBB958F5904D}.AppStore|ARM.Build.0 = Debug|Any CPU
		{176C33B5-9314-46D7-9A31-BBB958F5904D}.AppStore|iPhone.ActiveCfg = Release|Any CPU
		{176C33B5-9314-46D7-9A31-BBB958F5904D}.AppStore|iPhone.Build.0 = Release|Any CPU
		{176C33B5-9314-46D7-9A31-BBB958F5904D}.AppStore|iPhoneSimulator.ActiveCfg = Release|Any CPU
		{176C33B5-9314-46D7-9A31-BBB958F5904D}.AppStore|iPhoneSimulator.Build.0 = Release|Any CPU
		{176C33B5-9314-46D7-9A31-BBB958F5904D}.AppStore|x64.ActiveCfg = Debug|Any CPU
		{176C33B5-9314-46D7-9A31-BBB958F5904D}.AppStore|x64.Build.0 = Debug|Any CPU
		{176C33B5-9314-46D7-9A31-BBB958F5904D}.AppStore|x86.ActiveCfg = Debug|Any CPU
		{176C33B5-9314-46D7-9A31-BBB958F5904D}.AppStore|x86.Build.0 = Debug|Any CPU
		{176C33B5-9314-46D7-9A31-BBB958F5904D}.Debug|Any CPU.ActiveCfg = Debug|Any CPU
		{176C33B5-9314-46D7-9A31-BBB958F5904D}.Debug|Any CPU.Build.0 = Debug|Any CPU
		{176C33B5-9314-46D7-9A31-BBB958F5904D}.Debug|ARM.ActiveCfg = Debug|Any CPU
		{176C33B5-9314-46D7-9A31-BBB958F5904D}.Debug|ARM.Build.0 = Debug|Any CPU
		{176C33B5-9314-46D7-9A31-BBB958F5904D}.Debug|iPhone.ActiveCfg = Debug|Any CPU
		{176C33B5-9314-46D7-9A31-BBB958F5904D}.Debug|iPhone.Build.0 = Debug|Any CPU
		{176C33B5-9314-46D7-9A31-BBB958F5904D}.Debug|iPhoneSimulator.ActiveCfg = Debug|Any CPU
		{176C33B5-9314-46D7-9A31-BBB958F5904D}.Debug|iPhoneSimulator.Build.0 = Debug|Any CPU
		{176C33B5-9314-46D7-9A31-BBB958F5904D}.Debug|x64.ActiveCfg = Debug|Any CPU
		{176C33B5-9314-46D7-9A31-BBB958F5904D}.Debug|x64.Build.0 = Debug|Any CPU
		{176C33B5-9314-46D7-9A31-BBB958F5904D}.Debug|x86.ActiveCfg = Debug|Any CPU
		{176C33B5-9314-46D7-9A31-BBB958F5904D}.Debug|x86.Build.0 = Debug|Any CPU
		{176C33B5-9314-46D7-9A31-BBB958F5904D}.Release|Any CPU.ActiveCfg = Release|Any CPU
		{176C33B5-9314-46D7-9A31-BBB958F5904D}.Release|Any CPU.Build.0 = Release|Any CPU
		{176C33B5-9314-46D7-9A31-BBB958F5904D}.Release|ARM.ActiveCfg = Release|Any CPU
		{176C33B5-9314-46D7-9A31-BBB958F5904D}.Release|ARM.Build.0 = Release|Any CPU
		{176C33B5-9314-46D7-9A31-BBB958F5904D}.Release|iPhone.ActiveCfg = Release|Any CPU
		{176C33B5-9314-46D7-9A31-BBB958F5904D}.Release|iPhone.Build.0 = Release|Any CPU
		{176C33B5-9314-46D7-9A31-BBB958F5904D}.Release|iPhoneSimulator.ActiveCfg = Release|Any CPU
		{176C33B5-9314-46D7-9A31-BBB958F5904D}.Release|iPhoneSimulator.Build.0 = Release|Any CPU
		{176C33B5-9314-46D7-9A31-BBB958F5904D}.Release|x64.ActiveCfg = Release|Any CPU
		{176C33B5-9314-46D7-9A31-BBB958F5904D}.Release|x64.Build.0 = Release|Any CPU
		{176C33B5-9314-46D7-9A31-BBB958F5904D}.Release|x86.ActiveCfg = Release|Any CPU
		{176C33B5-9314-46D7-9A31-BBB958F5904D}.Release|x86.Build.0 = Release|Any CPU
		{8245662F-6988-42E2-AA57-3211824AA53A}.Ad-Hoc|Any CPU.ActiveCfg = Release|Any CPU
		{8245662F-6988-42E2-AA57-3211824AA53A}.Ad-Hoc|Any CPU.Build.0 = Release|Any CPU
		{8245662F-6988-42E2-AA57-3211824AA53A}.Ad-Hoc|ARM.ActiveCfg = Debug|Any CPU
		{8245662F-6988-42E2-AA57-3211824AA53A}.Ad-Hoc|ARM.Build.0 = Debug|Any CPU
		{8245662F-6988-42E2-AA57-3211824AA53A}.Ad-Hoc|iPhone.ActiveCfg = Release|Any CPU
		{8245662F-6988-42E2-AA57-3211824AA53A}.Ad-Hoc|iPhone.Build.0 = Release|Any CPU
		{8245662F-6988-42E2-AA57-3211824AA53A}.Ad-Hoc|iPhoneSimulator.ActiveCfg = Release|Any CPU
		{8245662F-6988-42E2-AA57-3211824AA53A}.Ad-Hoc|iPhoneSimulator.Build.0 = Release|Any CPU
		{8245662F-6988-42E2-AA57-3211824AA53A}.Ad-Hoc|x64.ActiveCfg = Debug|Any CPU
		{8245662F-6988-42E2-AA57-3211824AA53A}.Ad-Hoc|x64.Build.0 = Debug|Any CPU
		{8245662F-6988-42E2-AA57-3211824AA53A}.Ad-Hoc|x86.ActiveCfg = Debug|Any CPU
		{8245662F-6988-42E2-AA57-3211824AA53A}.Ad-Hoc|x86.Build.0 = Debug|Any CPU
		{8245662F-6988-42E2-AA57-3211824AA53A}.AppStore|Any CPU.ActiveCfg = Release|Any CPU
		{8245662F-6988-42E2-AA57-3211824AA53A}.AppStore|Any CPU.Build.0 = Release|Any CPU
		{8245662F-6988-42E2-AA57-3211824AA53A}.AppStore|ARM.ActiveCfg = Debug|Any CPU
		{8245662F-6988-42E2-AA57-3211824AA53A}.AppStore|ARM.Build.0 = Debug|Any CPU
		{8245662F-6988-42E2-AA57-3211824AA53A}.AppStore|iPhone.ActiveCfg = Release|Any CPU
		{8245662F-6988-42E2-AA57-3211824AA53A}.AppStore|iPhone.Build.0 = Release|Any CPU
		{8245662F-6988-42E2-AA57-3211824AA53A}.AppStore|iPhoneSimulator.ActiveCfg = Release|Any CPU
		{8245662F-6988-42E2-AA57-3211824AA53A}.AppStore|iPhoneSimulator.Build.0 = Release|Any CPU
		{8245662F-6988-42E2-AA57-3211824AA53A}.AppStore|x64.ActiveCfg = Debug|Any CPU
		{8245662F-6988-42E2-AA57-3211824AA53A}.AppStore|x64.Build.0 = Debug|Any CPU
		{8245662F-6988-42E2-AA57-3211824AA53A}.AppStore|x86.ActiveCfg = Debug|Any CPU
		{8245662F-6988-42E2-AA57-3211824AA53A}.AppStore|x86.Build.0 = Debug|Any CPU
		{8245662F-6988-42E2-AA57-3211824AA53A}.Debug|Any CPU.ActiveCfg = Debug|Any CPU
		{8245662F-6988-42E2-AA57-3211824AA53A}.Debug|Any CPU.Build.0 = Debug|Any CPU
		{8245662F-6988-42E2-AA57-3211824AA53A}.Debug|ARM.ActiveCfg = Debug|Any CPU
		{8245662F-6988-42E2-AA57-3211824AA53A}.Debug|ARM.Build.0 = Debug|Any CPU
		{8245662F-6988-42E2-AA57-3211824AA53A}.Debug|iPhone.ActiveCfg = Debug|Any CPU
		{8245662F-6988-42E2-AA57-3211824AA53A}.Debug|iPhone.Build.0 = Debug|Any CPU
		{8245662F-6988-42E2-AA57-3211824AA53A}.Debug|iPhoneSimulator.ActiveCfg = Debug|Any CPU
		{8245662F-6988-42E2-AA57-3211824AA53A}.Debug|iPhoneSimulator.Build.0 = Debug|Any CPU
		{8245662F-6988-42E2-AA57-3211824AA53A}.Debug|x64.ActiveCfg = Debug|Any CPU
		{8245662F-6988-42E2-AA57-3211824AA53A}.Debug|x64.Build.0 = Debug|Any CPU
		{8245662F-6988-42E2-AA57-3211824AA53A}.Debug|x86.ActiveCfg = Debug|Any CPU
		{8245662F-6988-42E2-AA57-3211824AA53A}.Debug|x86.Build.0 = Debug|Any CPU
		{8245662F-6988-42E2-AA57-3211824AA53A}.Release|Any CPU.ActiveCfg = Release|Any CPU
		{8245662F-6988-42E2-AA57-3211824AA53A}.Release|Any CPU.Build.0 = Release|Any CPU
		{8245662F-6988-42E2-AA57-3211824AA53A}.Release|ARM.ActiveCfg = Release|Any CPU
		{8245662F-6988-42E2-AA57-3211824AA53A}.Release|ARM.Build.0 = Release|Any CPU
		{8245662F-6988-42E2-AA57-3211824AA53A}.Release|iPhone.ActiveCfg = Release|Any CPU
		{8245662F-6988-42E2-AA57-3211824AA53A}.Release|iPhone.Build.0 = Release|Any CPU
		{8245662F-6988-42E2-AA57-3211824AA53A}.Release|iPhoneSimulator.ActiveCfg = Release|Any CPU
		{8245662F-6988-42E2-AA57-3211824AA53A}.Release|iPhoneSimulator.Build.0 = Release|Any CPU
		{8245662F-6988-42E2-AA57-3211824AA53A}.Release|x64.ActiveCfg = Release|Any CPU
		{8245662F-6988-42E2-AA57-3211824AA53A}.Release|x64.Build.0 = Release|Any CPU
		{8245662F-6988-42E2-AA57-3211824AA53A}.Release|x86.ActiveCfg = Release|Any CPU
		{8245662F-6988-42E2-AA57-3211824AA53A}.Release|x86.Build.0 = Release|Any CPU
		{A16DDD3A-ABAC-4C4B-9EE0-B63259AAF090}.Ad-Hoc|Any CPU.ActiveCfg = Release|Any CPU
		{A16DDD3A-ABAC-4C4B-9EE0-B63259AAF090}.Ad-Hoc|Any CPU.Build.0 = Release|Any CPU
		{A16DDD3A-ABAC-4C4B-9EE0-B63259AAF090}.Ad-Hoc|ARM.ActiveCfg = Debug|Any CPU
		{A16DDD3A-ABAC-4C4B-9EE0-B63259AAF090}.Ad-Hoc|ARM.Build.0 = Debug|Any CPU
		{A16DDD3A-ABAC-4C4B-9EE0-B63259AAF090}.Ad-Hoc|iPhone.ActiveCfg = Release|Any CPU
		{A16DDD3A-ABAC-4C4B-9EE0-B63259AAF090}.Ad-Hoc|iPhone.Build.0 = Release|Any CPU
		{A16DDD3A-ABAC-4C4B-9EE0-B63259AAF090}.Ad-Hoc|iPhoneSimulator.ActiveCfg = Release|Any CPU
		{A16DDD3A-ABAC-4C4B-9EE0-B63259AAF090}.Ad-Hoc|iPhoneSimulator.Build.0 = Release|Any CPU
		{A16DDD3A-ABAC-4C4B-9EE0-B63259AAF090}.Ad-Hoc|x64.ActiveCfg = Debug|Any CPU
		{A16DDD3A-ABAC-4C4B-9EE0-B63259AAF090}.Ad-Hoc|x64.Build.0 = Debug|Any CPU
		{A16DDD3A-ABAC-4C4B-9EE0-B63259AAF090}.Ad-Hoc|x86.ActiveCfg = Debug|Any CPU
		{A16DDD3A-ABAC-4C4B-9EE0-B63259AAF090}.Ad-Hoc|x86.Build.0 = Debug|Any CPU
		{A16DDD3A-ABAC-4C4B-9EE0-B63259AAF090}.AppStore|Any CPU.ActiveCfg = Release|Any CPU
		{A16DDD3A-ABAC-4C4B-9EE0-B63259AAF090}.AppStore|Any CPU.Build.0 = Release|Any CPU
		{A16DDD3A-ABAC-4C4B-9EE0-B63259AAF090}.AppStore|ARM.ActiveCfg = Debug|Any CPU
		{A16DDD3A-ABAC-4C4B-9EE0-B63259AAF090}.AppStore|ARM.Build.0 = Debug|Any CPU
		{A16DDD3A-ABAC-4C4B-9EE0-B63259AAF090}.AppStore|iPhone.ActiveCfg = Release|Any CPU
		{A16DDD3A-ABAC-4C4B-9EE0-B63259AAF090}.AppStore|iPhone.Build.0 = Release|Any CPU
		{A16DDD3A-ABAC-4C4B-9EE0-B63259AAF090}.AppStore|iPhoneSimulator.ActiveCfg = Release|Any CPU
		{A16DDD3A-ABAC-4C4B-9EE0-B63259AAF090}.AppStore|iPhoneSimulator.Build.0 = Release|Any CPU
		{A16DDD3A-ABAC-4C4B-9EE0-B63259AAF090}.AppStore|x64.ActiveCfg = Debug|Any CPU
		{A16DDD3A-ABAC-4C4B-9EE0-B63259AAF090}.AppStore|x64.Build.0 = Debug|Any CPU
		{A16DDD3A-ABAC-4C4B-9EE0-B63259AAF090}.AppStore|x86.ActiveCfg = Debug|Any CPU
		{A16DDD3A-ABAC-4C4B-9EE0-B63259AAF090}.AppStore|x86.Build.0 = Debug|Any CPU
		{A16DDD3A-ABAC-4C4B-9EE0-B63259AAF090}.Debug|Any CPU.ActiveCfg = Debug|Any CPU
		{A16DDD3A-ABAC-4C4B-9EE0-B63259AAF090}.Debug|Any CPU.Build.0 = Debug|Any CPU
		{A16DDD3A-ABAC-4C4B-9EE0-B63259AAF090}.Debug|ARM.ActiveCfg = Debug|Any CPU
		{A16DDD3A-ABAC-4C4B-9EE0-B63259AAF090}.Debug|ARM.Build.0 = Debug|Any CPU
		{A16DDD3A-ABAC-4C4B-9EE0-B63259AAF090}.Debug|iPhone.ActiveCfg = Debug|Any CPU
		{A16DDD3A-ABAC-4C4B-9EE0-B63259AAF090}.Debug|iPhone.Build.0 = Debug|Any CPU
		{A16DDD3A-ABAC-4C4B-9EE0-B63259AAF090}.Debug|iPhoneSimulator.ActiveCfg = Debug|Any CPU
		{A16DDD3A-ABAC-4C4B-9EE0-B63259AAF090}.Debug|iPhoneSimulator.Build.0 = Debug|Any CPU
		{A16DDD3A-ABAC-4C4B-9EE0-B63259AAF090}.Debug|x64.ActiveCfg = Debug|Any CPU
		{A16DDD3A-ABAC-4C4B-9EE0-B63259AAF090}.Debug|x64.Build.0 = Debug|Any CPU
		{A16DDD3A-ABAC-4C4B-9EE0-B63259AAF090}.Debug|x86.ActiveCfg = Debug|Any CPU
		{A16DDD3A-ABAC-4C4B-9EE0-B63259AAF090}.Debug|x86.Build.0 = Debug|Any CPU
		{A16DDD3A-ABAC-4C4B-9EE0-B63259AAF090}.Release|Any CPU.ActiveCfg = Release|Any CPU
		{A16DDD3A-ABAC-4C4B-9EE0-B63259AAF090}.Release|Any CPU.Build.0 = Release|Any CPU
		{A16DDD3A-ABAC-4C4B-9EE0-B63259AAF090}.Release|ARM.ActiveCfg = Release|Any CPU
		{A16DDD3A-ABAC-4C4B-9EE0-B63259AAF090}.Release|ARM.Build.0 = Release|Any CPU
		{A16DDD3A-ABAC-4C4B-9EE0-B63259AAF090}.Release|iPhone.ActiveCfg = Release|Any CPU
		{A16DDD3A-ABAC-4C4B-9EE0-B63259AAF090}.Release|iPhone.Build.0 = Release|Any CPU
		{A16DDD3A-ABAC-4C4B-9EE0-B63259AAF090}.Release|iPhoneSimulator.ActiveCfg = Release|Any CPU
		{A16DDD3A-ABAC-4C4B-9EE0-B63259AAF090}.Release|iPhoneSimulator.Build.0 = Release|Any CPU
		{A16DDD3A-ABAC-4C4B-9EE0-B63259AAF090}.Release|x64.ActiveCfg = Release|Any CPU
		{A16DDD3A-ABAC-4C4B-9EE0-B63259AAF090}.Release|x64.Build.0 = Release|Any CPU
		{A16DDD3A-ABAC-4C4B-9EE0-B63259AAF090}.Release|x86.ActiveCfg = Release|Any CPU
		{A16DDD3A-ABAC-4C4B-9EE0-B63259AAF090}.Release|x86.Build.0 = Release|Any CPU
		{E9B69491-E5E0-47FA-A01D-9144D1863C21}.Ad-Hoc|Any CPU.ActiveCfg = Release|Any CPU
		{E9B69491-E5E0-47FA-A01D-9144D1863C21}.Ad-Hoc|Any CPU.Build.0 = Release|Any CPU
		{E9B69491-E5E0-47FA-A01D-9144D1863C21}.Ad-Hoc|ARM.ActiveCfg = Debug|Any CPU
		{E9B69491-E5E0-47FA-A01D-9144D1863C21}.Ad-Hoc|ARM.Build.0 = Debug|Any CPU
		{E9B69491-E5E0-47FA-A01D-9144D1863C21}.Ad-Hoc|iPhone.ActiveCfg = Release|Any CPU
		{E9B69491-E5E0-47FA-A01D-9144D1863C21}.Ad-Hoc|iPhone.Build.0 = Release|Any CPU
		{E9B69491-E5E0-47FA-A01D-9144D1863C21}.Ad-Hoc|iPhoneSimulator.ActiveCfg = Release|Any CPU
		{E9B69491-E5E0-47FA-A01D-9144D1863C21}.Ad-Hoc|iPhoneSimulator.Build.0 = Release|Any CPU
		{E9B69491-E5E0-47FA-A01D-9144D1863C21}.Ad-Hoc|x64.ActiveCfg = Debug|Any CPU
		{E9B69491-E5E0-47FA-A01D-9144D1863C21}.Ad-Hoc|x64.Build.0 = Debug|Any CPU
		{E9B69491-E5E0-47FA-A01D-9144D1863C21}.Ad-Hoc|x86.ActiveCfg = Debug|Any CPU
		{E9B69491-E5E0-47FA-A01D-9144D1863C21}.Ad-Hoc|x86.Build.0 = Debug|Any CPU
		{E9B69491-E5E0-47FA-A01D-9144D1863C21}.AppStore|Any CPU.ActiveCfg = Release|Any CPU
		{E9B69491-E5E0-47FA-A01D-9144D1863C21}.AppStore|Any CPU.Build.0 = Release|Any CPU
		{E9B69491-E5E0-47FA-A01D-9144D1863C21}.AppStore|ARM.ActiveCfg = Debug|Any CPU
		{E9B69491-E5E0-47FA-A01D-9144D1863C21}.AppStore|ARM.Build.0 = Debug|Any CPU
		{E9B69491-E5E0-47FA-A01D-9144D1863C21}.AppStore|iPhone.ActiveCfg = Release|Any CPU
		{E9B69491-E5E0-47FA-A01D-9144D1863C21}.AppStore|iPhone.Build.0 = Release|Any CPU
		{E9B69491-E5E0-47FA-A01D-9144D1863C21}.AppStore|iPhoneSimulator.ActiveCfg = Release|Any CPU
		{E9B69491-E5E0-47FA-A01D-9144D1863C21}.AppStore|iPhoneSimulator.Build.0 = Release|Any CPU
		{E9B69491-E5E0-47FA-A01D-9144D1863C21}.AppStore|x64.ActiveCfg = Debug|Any CPU
		{E9B69491-E5E0-47FA-A01D-9144D1863C21}.AppStore|x64.Build.0 = Debug|Any CPU
		{E9B69491-E5E0-47FA-A01D-9144D1863C21}.AppStore|x86.ActiveCfg = Debug|Any CPU
		{E9B69491-E5E0-47FA-A01D-9144D1863C21}.AppStore|x86.Build.0 = Debug|Any CPU
		{E9B69491-E5E0-47FA-A01D-9144D1863C21}.Debug|Any CPU.ActiveCfg = Debug|Any CPU
		{E9B69491-E5E0-47FA-A01D-9144D1863C21}.Debug|Any CPU.Build.0 = Debug|Any CPU
		{E9B69491-E5E0-47FA-A01D-9144D1863C21}.Debug|ARM.ActiveCfg = Debug|Any CPU
		{E9B69491-E5E0-47FA-A01D-9144D1863C21}.Debug|ARM.Build.0 = Debug|Any CPU
		{E9B69491-E5E0-47FA-A01D-9144D1863C21}.Debug|iPhone.ActiveCfg = Debug|Any CPU
		{E9B69491-E5E0-47FA-A01D-9144D1863C21}.Debug|iPhone.Build.0 = Debug|Any CPU
		{E9B69491-E5E0-47FA-A01D-9144D1863C21}.Debug|iPhoneSimulator.ActiveCfg = Debug|Any CPU
		{E9B69491-E5E0-47FA-A01D-9144D1863C21}.Debug|iPhoneSimulator.Build.0 = Debug|Any CPU
		{E9B69491-E5E0-47FA-A01D-9144D1863C21}.Debug|x64.ActiveCfg = Debug|Any CPU
		{E9B69491-E5E0-47FA-A01D-9144D1863C21}.Debug|x64.Build.0 = Debug|Any CPU
		{E9B69491-E5E0-47FA-A01D-9144D1863C21}.Debug|x86.ActiveCfg = Debug|Any CPU
		{E9B69491-E5E0-47FA-A01D-9144D1863C21}.Debug|x86.Build.0 = Debug|Any CPU
		{E9B69491-E5E0-47FA-A01D-9144D1863C21}.Release|Any CPU.ActiveCfg = Release|Any CPU
		{E9B69491-E5E0-47FA-A01D-9144D1863C21}.Release|Any CPU.Build.0 = Release|Any CPU
		{E9B69491-E5E0-47FA-A01D-9144D1863C21}.Release|ARM.ActiveCfg = Release|Any CPU
		{E9B69491-E5E0-47FA-A01D-9144D1863C21}.Release|ARM.Build.0 = Release|Any CPU
		{E9B69491-E5E0-47FA-A01D-9144D1863C21}.Release|iPhone.ActiveCfg = Release|Any CPU
		{E9B69491-E5E0-47FA-A01D-9144D1863C21}.Release|iPhone.Build.0 = Release|Any CPU
		{E9B69491-E5E0-47FA-A01D-9144D1863C21}.Release|iPhoneSimulator.ActiveCfg = Release|Any CPU
		{E9B69491-E5E0-47FA-A01D-9144D1863C21}.Release|iPhoneSimulator.Build.0 = Release|Any CPU
		{E9B69491-E5E0-47FA-A01D-9144D1863C21}.Release|x64.ActiveCfg = Release|Any CPU
		{E9B69491-E5E0-47FA-A01D-9144D1863C21}.Release|x64.Build.0 = Release|Any CPU
		{E9B69491-E5E0-47FA-A01D-9144D1863C21}.Release|x86.ActiveCfg = Release|Any CPU
		{E9B69491-E5E0-47FA-A01D-9144D1863C21}.Release|x86.Build.0 = Release|Any CPU
	EndGlobalSection
	GlobalSection(SolutionProperties) = preSolution
		HideSolutionNode = FALSE
	EndGlobalSection
	GlobalSection(ExtensibilityGlobals) = postSolution
		SolutionGuid = {A917DBE3-DE8B-443E-96ED-797AA506E3D4}
	EndGlobalSection
	GlobalSection(NestedProjects) = preSolution
		{51C3E293-12E9-47BA-BDB9-AE36FDB87C55} = {F6ADCF88-7BB8-4C7F-B02A-4B4648191BF0}
		{2B623714-1DA9-4198-9802-2B0474406C61} = {F6ADCF88-7BB8-4C7F-B02A-4B4648191BF0}
		{06344550-D907-44D7-B586-4A0BFD968E07} = {F6ADCF88-7BB8-4C7F-B02A-4B4648191BF0}
		{E6124333-E244-4D6B-95F8-409CDD7E6CA8} = {F6ADCF88-7BB8-4C7F-B02A-4B4648191BF0}
		{553DB73B-B76F-4B4B-9086-848BCD3A1BE1} = {F6ADCF88-7BB8-4C7F-B02A-4B4648191BF0}
		{176C33B5-9314-46D7-9A31-BBB958F5904D} = {E6124333-E244-4D6B-95F8-409CDD7E6CA8}
		{8245662F-6988-42E2-AA57-3211824AA53A} = {E6124333-E244-4D6B-95F8-409CDD7E6CA8}
		{A16DDD3A-ABAC-4C4B-9EE0-B63259AAF090} = {E6124333-E244-4D6B-95F8-409CDD7E6CA8}
		{E9B69491-E5E0-47FA-A01D-9144D1863C21} = {E6124333-E244-4D6B-95F8-409CDD7E6CA8}
	EndGlobalSection
EndGlobal
