
Microsoft Visual Studio Solution File, Format Version 12.00
# Visual Studio 15
VisualStudioVersion = 15.0.27130.2026
MinimumVisualStudioVersion = 10.0.40219.1
Project("{9A19103F-16F7-4668-BE54-9A1E7A4F7556}") = "Plugin.Iconize", "Plugin.Iconize\Plugin.Iconize.csproj", "{B0387056-24F4-4421-8B49-B78A2CEDC19E}"
EndProject
Project("{9A19103F-16F7-4668-BE54-9A1E7A4F7556}") = "Plugin.Iconize.EntypoPlus", "Plugin.Iconize.EntypoPlus\Plugin.Iconize.EntypoPlus.csproj", "{5D364CE1-19EB-4346-9FC2-B8AC1CB79C67}"
EndProject
Project("{9A19103F-16F7-4668-BE54-9A1E7A4F7556}") = "Plugin.Iconize.FontAwesome", "Plugin.Iconize.FontAwesome\Plugin.Iconize.FontAwesome.csproj", "{4E00DD83-0FAB-49D7-8501-29431E1579CF}"
EndProject
Project("{9A19103F-16F7-4668-BE54-9A1E7A4F7556}") = "Plugin.Iconize.Ionicons", "Plugin.Iconize.Ionicons\Plugin.Iconize.Ionicons.csproj", "{35B6275D-E505-4E38-A662-2EA3612A955E}"
EndProject
Project("{9A19103F-16F7-4668-BE54-9A1E7A4F7556}") = "Plugin.Iconize.Material", "Plugin.Iconize.Material\Plugin.Iconize.Material.csproj", "{05BEDD8B-B132-4646-B1E4-8A5DE685840B}"
EndProject
Project("{FAE04EC0-301F-11D3-BF4B-00C04F79EFBC}") = "Plugin.Iconize.Meteocons", "Plugin.Iconize.Meteocons\Plugin.Iconize.Meteocons.csproj", "{F6F4C3C3-F9E3-47C2-8430-5A12EC4F8109}"
EndProject
Project("{9A19103F-16F7-4668-BE54-9A1E7A4F7556}") = "Plugin.Iconize.SimpleLineIcons", "Plugin.Iconize.SimpleLineIcons\Plugin.Iconize.SimpleLineIcons.csproj", "{74B2E4B1-EEB1-4E35-889E-82AF540C50A3}"
EndProject
Project("{9A19103F-16F7-4668-BE54-9A1E7A4F7556}") = "Plugin.Iconize.Typicons", "Plugin.Iconize.Typicons\Plugin.Iconize.Typicons.csproj", "{46B16BF9-903F-4B01-9E1A-2BD66D4ACDAF}"
EndProject
Project("{9A19103F-16F7-4668-BE54-9A1E7A4F7556}") = "Plugin.Iconize.WeatherIcons", "Plugin.Iconize.WeatherIcons\Plugin.Iconize.WeatherIcons.csproj", "{743C414F-01C4-4635-92A2-B22C77D74D58}"
EndProject
Project("{9A19103F-16F7-4668-BE54-9A1E7A4F7556}") = "Plugin.Iconize.FontAwesomePro", "Plugin.Iconize.FontAwesomePro\Plugin.Iconize.FontAwesomePro.csproj", "{68FA85B0-21F2-40A0-AC0F-465C388BBDDE}"
EndProject
Project("{9A19103F-16F7-4668-BE54-9A1E7A4F7556}") = "Plugin.Iconize.JamIcons", "Plugin.Iconize.JamIcons\Plugin.Iconize.JamIcons.csproj", "{AE6450FF-7959-4A99-862C-74D312E0D0B0}"
EndProject
Project("{9A19103F-16F7-4668-BE54-9A1E7A4F7556}") = "Plugin.Iconize.MaterialDesignIcons", "Plugin.Iconize.MaterialDesignIcons\Plugin.Iconize.MaterialDesignIcons.csproj", "{AE0D04FF-73FB-4F42-B035-DD1776485F53}"
EndProject
Project("{2150E333-8FDC-42A3-9474-1A3956D46DE8}") = "Fonts", "Fonts", "{4169EAAB-43DC-4982-A2DE-85073A9360DB}"
EndProject
Project("{FAE04EC0-301F-11D3-BF4B-00C04F79EFBC}") = "Plugin.Iconize.iOS", "Plugin.Iconize.iOS\Plugin.Iconize.iOS.csproj", "{2B623714-1DA9-4198-9802-2B0474406C61}"
EndProject
Project("{FAE04EC0-301F-11D3-BF4B-00C04F79EFBC}") = "Plugin.Iconize.Android", "Plugin.Iconize.Android\Plugin.Iconize.Android.csproj", "{06344550-D907-44D7-B586-4A0BFD968E07}"
EndProject
Global
	GlobalSection(SolutionConfigurationPlatforms) = preSolution
		Debug|Any CPU = Debug|Any CPU
		Release|Any CPU = Release|Any CPU
	EndGlobalSection
	GlobalSection(ProjectConfigurationPlatforms) = postSolution
		{B0387056-24F4-4421-8B49-B78A2CEDC19E}.Debug|Any CPU.ActiveCfg = Debug|Any CPU
		{B0387056-24F4-4421-8B49-B78A2CEDC19E}.Debug|Any CPU.Build.0 = Debug|Any CPU
		{B0387056-24F4-4421-8B49-B78A2CEDC19E}.Release|Any CPU.ActiveCfg = Release|Any CPU
		{B0387056-24F4-4421-8B49-B78A2CEDC19E}.Release|Any CPU.Build.0 = Release|Any CPU
		{5D364CE1-19EB-4346-9FC2-B8AC1CB79C67}.Debug|Any CPU.ActiveCfg = Debug|Any CPU
		{5D364CE1-19EB-4346-9FC2-B8AC1CB79C67}.Debug|Any CPU.Build.0 = Debug|Any CPU
		{5D364CE1-19EB-4346-9FC2-B8AC1CB79C67}.Release|Any CPU.ActiveCfg = Release|Any CPU
		{5D364CE1-19EB-4346-9FC2-B8AC1CB79C67}.Release|Any CPU.Build.0 = Release|Any CPU
		{4E00DD83-0FAB-49D7-8501-29431E1579CF}.Debug|Any CPU.ActiveCfg = Debug|Any CPU
		{4E00DD83-0FAB-49D7-8501-29431E1579CF}.Debug|Any CPU.Build.0 = Debug|Any CPU
		{4E00DD83-0FAB-49D7-8501-29431E1579CF}.Release|Any CPU.ActiveCfg = Release|Any CPU
		{4E00DD83-0FAB-49D7-8501-29431E1579CF}.Release|Any CPU.Build.0 = Release|Any CPU
		{35B6275D-E505-4E38-A662-2EA3612A955E}.Debug|Any CPU.ActiveCfg = Debug|Any CPU
		{35B6275D-E505-4E38-A662-2EA3612A955E}.Debug|Any CPU.Build.0 = Debug|Any CPU
		{35B6275D-E505-4E38-A662-2EA3612A955E}.Release|Any CPU.ActiveCfg = Release|Any CPU
		{35B6275D-E505-4E38-A662-2EA3612A955E}.Release|Any CPU.Build.0 = Release|Any CPU
		{05BEDD8B-B132-4646-B1E4-8A5DE685840B}.Debug|Any CPU.ActiveCfg = Debug|Any CPU
		{05BEDD8B-B132-4646-B1E4-8A5DE685840B}.Debug|Any CPU.Build.0 = Debug|Any CPU
		{05BEDD8B-B132-4646-B1E4-8A5DE685840B}.Release|Any CPU.ActiveCfg = Release|Any CPU
		{05BEDD8B-B132-4646-B1E4-8A5DE685840B}.Release|Any CPU.Build.0 = Release|Any CPU
		{F6F4C3C3-F9E3-47C2-8430-5A12EC4F8109}.Debug|Any CPU.ActiveCfg = Debug|Any CPU
		{F6F4C3C3-F9E3-47C2-8430-5A12EC4F8109}.Debug|Any CPU.Build.0 = Debug|Any CPU
		{F6F4C3C3-F9E3-47C2-8430-5A12EC4F8109}.Release|Any CPU.ActiveCfg = Release|Any CPU
		{F6F4C3C3-F9E3-47C2-8430-5A12EC4F8109}.Release|Any CPU.Build.0 = Release|Any CPU
		{74B2E4B1-EEB1-4E35-889E-82AF540C50A3}.Debug|Any CPU.ActiveCfg = Debug|Any CPU
		{74B2E4B1-EEB1-4E35-889E-82AF540C50A3}.Debug|Any CPU.Build.0 = Debug|Any CPU
		{74B2E4B1-EEB1-4E35-889E-82AF540C50A3}.Release|Any CPU.ActiveCfg = Release|Any CPU
		{74B2E4B1-EEB1-4E35-889E-82AF540C50A3}.Release|Any CPU.Build.0 = Release|Any CPU
		{46B16BF9-903F-4B01-9E1A-2BD66D4ACDAF}.Debug|Any CPU.ActiveCfg = Debug|Any CPU
		{46B16BF9-903F-4B01-9E1A-2BD66D4ACDAF}.Debug|Any CPU.Build.0 = Debug|Any CPU
		{46B16BF9-903F-4B01-9E1A-2BD66D4ACDAF}.Release|Any CPU.ActiveCfg = Release|Any CPU
		{46B16BF9-903F-4B01-9E1A-2BD66D4ACDAF}.Release|Any CPU.Build.0 = Release|Any CPU
		{743C414F-01C4-4635-92A2-B22C77D74D58}.Debug|Any CPU.ActiveCfg = Debug|Any CPU
		{743C414F-01C4-4635-92A2-B22C77D74D58}.Debug|Any CPU.Build.0 = Debug|Any CPU
		{743C414F-01C4-4635-92A2-B22C77D74D58}.Release|Any CPU.ActiveCfg = Release|Any CPU
		{743C414F-01C4-4635-92A2-B22C77D74D58}.Release|Any CPU.Build.0 = Release|Any CPU
		{68FA85B0-21F2-40A0-AC0F-465C388BBDDE}.Debug|Any CPU.ActiveCfg = Debug|Any CPU
		{68FA85B0-21F2-40A0-AC0F-465C388BBDDE}.Debug|Any CPU.Build.0 = Debug|Any CPU
		{68FA85B0-21F2-40A0-AC0F-465C388BBDDE}.Release|Any CPU.ActiveCfg = Release|Any CPU
		{68FA85B0-21F2-40A0-AC0F-465C388BBDDE}.Release|Any CPU.Build.0 = Release|Any CPU
		{AE6450FF-7959-4A99-862C-74D312E0D0B0}.Debug|Any CPU.ActiveCfg = Debug|Any CPU
		{AE6450FF-7959-4A99-862C-74D312E0D0B0}.Debug|Any CPU.Build.0 = Debug|Any CPU
		{AE6450FF-7959-4A99-862C-74D312E0D0B0}.Release|Any CPU.ActiveCfg = Release|Any CPU
		{AE6450FF-7959-4A99-862C-74D312E0D0B0}.Release|Any CPU.Build.0 = Release|Any CPU
		{AE0D04FF-73FB-4F42-B035-DD1776485F53}.Debug|Any CPU.ActiveCfg = Debug|Any CPU
		{AE0D04FF-73FB-4F42-B035-DD1776485F53}.Debug|Any CPU.Build.0 = Debug|Any CPU
		{AE0D04FF-73FB-4F42-B035-DD1776485F53}.Release|Any CPU.ActiveCfg = Release|Any CPU
		{AE0D04FF-73FB-4F42-B035-DD1776485F53}.Release|Any CPU.Build.0 = Release|Any CPU
		{2B623714-1DA9-4198-9802-2B0474406C61}.Debug|Any CPU.ActiveCfg = Debug|Any CPU
		{2B623714-1DA9-4198-9802-2B0474406C61}.Debug|Any CPU.Build.0 = Debug|Any CPU
		{2B623714-1DA9-4198-9802-2B0474406C61}.Release|Any CPU.ActiveCfg = Release|Any CPU
		{2B623714-1DA9-4198-9802-2B0474406C61}.Release|Any CPU.Build.0 = Release|Any CPU
		{06344550-D907-44D7-B586-4A0BFD968E07}.Debug|Any CPU.ActiveCfg = Debug|Any CPU
		{06344550-D907-44D7-B586-4A0BFD968E07}.Debug|Any CPU.Build.0 = Debug|Any CPU
		{06344550-D907-44D7-B586-4A0BFD968E07}.Release|Any CPU.ActiveCfg = Release|Any CPU
		{06344550-D907-44D7-B586-4A0BFD968E07}.Release|Any CPU.Build.0 = Release|Any CPU
	EndGlobalSection
	GlobalSection(SolutionProperties) = preSolution
		HideSolutionNode = FALSE
	EndGlobalSection
	GlobalSection(ExtensibilityGlobals) = postSolution
		SolutionGuid = {507DA280-04C7-492B-9CFA-7BCD01DD2F23}
	EndGlobalSection
	GlobalSection(NestedProjects) = preSolution
		{743C414F-01C4-4635-92A2-B22C77D74D58} = {4169EAAB-43DC-4982-A2DE-85073A9360DB}
		{AE0D04FF-73FB-4F42-B035-DD1776485F53} = {4169EAAB-43DC-4982-A2DE-85073A9360DB}
		{5D364CE1-19EB-4346-9FC2-B8AC1CB79C67} = {4169EAAB-43DC-4982-A2DE-85073A9360DB}
		{4E00DD83-0FAB-49D7-8501-29431E1579CF} = {4169EAAB-43DC-4982-A2DE-85073A9360DB}
		{68FA85B0-21F2-40A0-AC0F-465C388BBDDE} = {4169EAAB-43DC-4982-A2DE-85073A9360DB}
		{35B6275D-E505-4E38-A662-2EA3612A955E} = {4169EAAB-43DC-4982-A2DE-85073A9360DB}
		{AE6450FF-7959-4A99-862C-74D312E0D0B0} = {4169EAAB-43DC-4982-A2DE-85073A9360DB}
		{05BEDD8B-B132-4646-B1E4-8A5DE685840B} = {4169EAAB-43DC-4982-A2DE-85073A9360DB}
		{F6F4C3C3-F9E3-47C2-8430-5A12EC4F8109} = {4169EAAB-43DC-4982-A2DE-85073A9360DB}
		{74B2E4B1-EEB1-4E35-889E-82AF540C50A3} = {4169EAAB-43DC-4982-A2DE-85073A9360DB}
		{46B16BF9-903F-4B01-9E1A-2BD66D4ACDAF} = {4169EAAB-43DC-4982-A2DE-85073A9360DB}
	EndGlobalSection
EndGlobal
